
Microsoft Visual Studio Solution File, Format Version 12.00
# Visual Studio Version 17
VisualStudioVersion = 17.0.32014.148
MinimumVisualStudioVersion = 10.0.40219.1
Project("{9A19103F-16F7-4668-BE54-9A1E7A4F7556}") = "CadmusApi", "CadmusApi\CadmusApi.csproj", "{0A43E185-42D6-4629-A133-9E24643D84A0}"
EndProject
Project("{2150E333-8FDC-42A3-9474-1A3956D46DE8}") = "Solution Items", "Solution Items", "{C81802D8-7163-406C-9696-5A45A6984C4C}"
	ProjectSection(SolutionItems) = preProject
		docker-compose.yml = docker-compose.yml
		Dockerfile = Dockerfile
		Pack.bat = Pack.bat
		Push.bat = Push.bat
		PushLocal.bat = PushLocal.bat
		Readme.md = Readme.md
	EndProjectSection
EndProject
Project("{9A19103F-16F7-4668-BE54-9A1E7A4F7556}") = "Cadmus.Api.Services", "Cadmus.Api.Services\Cadmus.Api.Services.csproj", "{1DD10ED7-20D0-4642-8C18-3198E5D721A4}"
EndProject
Project("{9A19103F-16F7-4668-BE54-9A1E7A4F7556}") = "Cadmus.Api.Models", "Cadmus.Api.Models\Cadmus.Api.Models.csproj", "{27170474-129F-428C-9A2F-8BEFC543BFB3}"
EndProject
Project("{9A19103F-16F7-4668-BE54-9A1E7A4F7556}") = "Cadmus.Api.Controllers", "Cadmus.Api.Controllers\Cadmus.Api.Controllers.csproj", "{2C14DFBA-6F84-49EE-8B55-3C9FCE76F5FA}"
EndProject
Project("{9A19103F-16F7-4668-BE54-9A1E7A4F7556}") = "Cadmus.Api.Services.Legacy", "Cadmus.Api.Services.Legacy\Cadmus.Api.Services.Legacy.csproj", "{C43711AF-9F2A-4B15-A6B1-26BA9BF5EE46}"
EndProject
Project("{FAE04EC0-301F-11D3-BF4B-00C04F79EFBC}") = "Cadmus.Api.Controllers.Import", "Cadmus.Api.Controllers.Import\Cadmus.Api.Controllers.Import.csproj", "{63A094B1-C496-40AE-B9BD-BE4F2D57AE99}"
EndProject
Global
	GlobalSection(SolutionConfigurationPlatforms) = preSolution
		Debug|Any CPU = Debug|Any CPU
		Release|Any CPU = Release|Any CPU
	EndGlobalSection
	GlobalSection(ProjectConfigurationPlatforms) = postSolution
		{0A43E185-42D6-4629-A133-9E24643D84A0}.Debug|Any CPU.ActiveCfg = Debug|Any CPU
		{0A43E185-42D6-4629-A133-9E24643D84A0}.Debug|Any CPU.Build.0 = Debug|Any CPU
		{0A43E185-42D6-4629-A133-9E24643D84A0}.Release|Any CPU.ActiveCfg = Release|Any CPU
		{0A43E185-42D6-4629-A133-9E24643D84A0}.Release|Any CPU.Build.0 = Release|Any CPU
		{1DD10ED7-20D0-4642-8C18-3198E5D721A4}.Debug|Any CPU.ActiveCfg = Debug|Any CPU
		{1DD10ED7-20D0-4642-8C18-3198E5D721A4}.Debug|Any CPU.Build.0 = Debug|Any CPU
		{1DD10ED7-20D0-4642-8C18-3198E5D721A4}.Release|Any CPU.ActiveCfg = Release|Any CPU
		{1DD10ED7-20D0-4642-8C18-3198E5D721A4}.Release|Any CPU.Build.0 = Release|Any CPU
		{27170474-129F-428C-9A2F-8BEFC543BFB3}.Debug|Any CPU.ActiveCfg = Debug|Any CPU
		{27170474-129F-428C-9A2F-8BEFC543BFB3}.Debug|Any CPU.Build.0 = Debug|Any CPU
		{27170474-129F-428C-9A2F-8BEFC543BFB3}.Release|Any CPU.ActiveCfg = Release|Any CPU
		{27170474-129F-428C-9A2F-8BEFC543BFB3}.Release|Any CPU.Build.0 = Release|Any CPU
		{2C14DFBA-6F84-49EE-8B55-3C9FCE76F5FA}.Debug|Any CPU.ActiveCfg = Debug|Any CPU
		{2C14DFBA-6F84-49EE-8B55-3C9FCE76F5FA}.Debug|Any CPU.Build.0 = Debug|Any CPU
		{2C14DFBA-6F84-49EE-8B55-3C9FCE76F5FA}.Release|Any CPU.ActiveCfg = Release|Any CPU
		{2C14DFBA-6F84-49EE-8B55-3C9FCE76F5FA}.Release|Any CPU.Build.0 = Release|Any CPU
		{C43711AF-9F2A-4B15-A6B1-26BA9BF5EE46}.Debug|Any CPU.ActiveCfg = Debug|Any CPU
		{C43711AF-9F2A-4B15-A6B1-26BA9BF5EE46}.Debug|Any CPU.Build.0 = Debug|Any CPU
		{C43711AF-9F2A-4B15-A6B1-26BA9BF5EE46}.Release|Any CPU.ActiveCfg = Release|Any CPU
		{C43711AF-9F2A-4B15-A6B1-26BA9BF5EE46}.Release|Any CPU.Build.0 = Release|Any CPU
		{63A094B1-C496-40AE-B9BD-BE4F2D57AE99}.Debug|Any CPU.ActiveCfg = Debug|Any CPU
		{63A094B1-C496-40AE-B9BD-BE4F2D57AE99}.Debug|Any CPU.Build.0 = Debug|Any CPU
		{63A094B1-C496-40AE-B9BD-BE4F2D57AE99}.Release|Any CPU.ActiveCfg = Release|Any CPU
		{63A094B1-C496-40AE-B9BD-BE4F2D57AE99}.Release|Any CPU.Build.0 = Release|Any CPU
	EndGlobalSection
	GlobalSection(SolutionProperties) = preSolution
		HideSolutionNode = FALSE
	EndGlobalSection
	GlobalSection(ExtensibilityGlobals) = postSolution
		SolutionGuid = {BF995588-79DC-47C4-BC9B-7FDBFC0D20A2}
	EndGlobalSection
EndGlobal
