
Microsoft Visual Studio Solution File, Format Version 12.00
# Visual Studio 15
VisualStudioVersion = 15.0.27703.2018
MinimumVisualStudioVersion = 10.0.40219.1
Project("{FAE04EC0-301F-11D3-BF4B-00C04F79EFBC}") = "CadmusApi", "CadmusApi\CadmusApi.csproj", "{0A43E185-42D6-4629-A133-9E24643D84A0}"
EndProject
Project("{E53339B2-1760-4266-BCC7-CA923CBCF16C}") = "docker-compose", "docker-compose.dcproj", "{442189FD-8FC2-4501-A1CE-96C33AC9A234}"
EndProject
Project("{2150E333-8FDC-42A3-9474-1A3956D46DE8}") = "Solution Items", "Solution Items", "{C81802D8-7163-406C-9696-5A45A6984C4C}"
	ProjectSection(SolutionItems) = preProject
		Readme.md = Readme.md
		UpdatePluginsDebug.bat = UpdatePluginsDebug.bat
		UpdatePluginsRelease.bat = UpdatePluginsRelease.bat
	EndProjectSection
EndProject
Project("{9A19103F-16F7-4668-BE54-9A1E7A4F7556}") = "CadmusTool", "CadmusTool\CadmusTool.csproj", "{5338D936-0D4A-4234-8CE3-B7A3DF012DD7}"
EndProject
Global
	GlobalSection(SolutionConfigurationPlatforms) = preSolution
		Debug|Any CPU = Debug|Any CPU
		Release|Any CPU = Release|Any CPU
	EndGlobalSection
	GlobalSection(ProjectConfigurationPlatforms) = postSolution
		{0A43E185-42D6-4629-A133-9E24643D84A0}.Debug|Any CPU.ActiveCfg = Debug|Any CPU
		{0A43E185-42D6-4629-A133-9E24643D84A0}.Debug|Any CPU.Build.0 = Debug|Any CPU
		{0A43E185-42D6-4629-A133-9E24643D84A0}.Release|Any CPU.ActiveCfg = Release|Any CPU
		{0A43E185-42D6-4629-A133-9E24643D84A0}.Release|Any CPU.Build.0 = Release|Any CPU
		{442189FD-8FC2-4501-A1CE-96C33AC9A234}.Debug|Any CPU.ActiveCfg = Debug|Any CPU
		{442189FD-8FC2-4501-A1CE-96C33AC9A234}.Debug|Any CPU.Build.0 = Debug|Any CPU
		{442189FD-8FC2-4501-A1CE-96C33AC9A234}.Release|Any CPU.ActiveCfg = Release|Any CPU
		{442189FD-8FC2-4501-A1CE-96C33AC9A234}.Release|Any CPU.Build.0 = Release|Any CPU
		{5338D936-0D4A-4234-8CE3-B7A3DF012DD7}.Debug|Any CPU.ActiveCfg = Debug|Any CPU
		{5338D936-0D4A-4234-8CE3-B7A3DF012DD7}.Debug|Any CPU.Build.0 = Debug|Any CPU
		{5338D936-0D4A-4234-8CE3-B7A3DF012DD7}.Release|Any CPU.ActiveCfg = Release|Any CPU
		{5338D936-0D4A-4234-8CE3-B7A3DF012DD7}.Release|Any CPU.Build.0 = Release|Any CPU
	EndGlobalSection
	GlobalSection(SolutionProperties) = preSolution
		HideSolutionNode = FALSE
	EndGlobalSection
	GlobalSection(ExtensibilityGlobals) = postSolution
		SolutionGuid = {BF995588-79DC-47C4-BC9B-7FDBFC0D20A2}
	EndGlobalSection
EndGlobal
